<?xml version="1.0" encoding="UTF-8" standalone="yes" ?>
<CodeBlocks_project_file>
   <FileVersion major="1" minor="6" />
   <Project>
      <Option title="ThreadTest" />
      <Option makefile_is_custom="1" />
      <Option compiler="gcc" />
      <Option virtualFolders="CMake Files\;CMake Files\libraries\;CMake Files\master\;" />
      <Build>
      <Target title="all">
         <Option working_dir="/home/killan/QtProjects/SEE/build_Linux/libraries" />
         <Option type="4" />
         <MakeCommands>
            <Build command="/usr/bin/make -f &quot;/home/killan/QtProjects/SEE/build_Linux/libraries/Makefile&quot;  VERBOSE=1 all" />
            <CompileFile command="/usr/bin/make -f &quot;/home/killan/QtProjects/SEE/build_Linux/libraries/Makefile&quot;  VERBOSE=1 &quot;$file&quot;" />
            <Clean command="/usr/bin/make -f &quot;/home/killan/QtProjects/SEE/build_Linux/libraries/Makefile&quot;  VERBOSE=1 clean" />
            <DistClean command="/usr/bin/make -f &quot;/home/killan/QtProjects/SEE/build_Linux/libraries/Makefile&quot;  VERBOSE=1 clean" />
         </MakeCommands>
      </Target>
      <Target title="ThreadTest">
         <Option output="/home/killan/QtProjects/SEE/build_Linux/Deploy/ThreadTest" prefix_auto="0" extension_auto="0" />
         <Option working_dir="/home/killan/QtProjects/SEE/build_Linux/Deploy" />
         <Option object_output="./" />
         <Option type="1" />
         <Option compiler="gcc" />
         <Compiler>
            <Add directory="/home/killan/QtProjects/SEE" />
            <Add directory="/home/killan/QtProjects/SEE/libraries/include" />
            <Add directory="/home/killan/QtProjects/SEE/libraries/src" />
            <Add directory="/usr/include" />
            <Add directory="/usr/include/c++/5" />
            <Add directory="/usr/include/c++/5/backward" />
            <Add directory="/usr/include/x86_64-linux-gnu" />
            <Add directory="/usr/include/x86_64-linux-gnu/c++/5" />
            <Add directory="/usr/lib/gcc/x86_64-linux-gnu/5/include" />
            <Add directory="/usr/lib/gcc/x86_64-linux-gnu/5/include-fixed" />
            <Add directory="/usr/local/include" />
         </Compiler>
         <MakeCommands>
            <Build command="/usr/bin/make -f &quot;/home/killan/QtProjects/SEE/build_Linux/libraries/Makefile&quot;  VERBOSE=1 ThreadTest" />
            <CompileFile command="/usr/bin/make -f &quot;/home/killan/QtProjects/SEE/build_Linux/libraries/Makefile&quot;  VERBOSE=1 &quot;$file&quot;" />
            <Clean command="/usr/bin/make -f &quot;/home/killan/QtProjects/SEE/build_Linux/libraries/Makefile&quot;  VERBOSE=1 clean" />
            <DistClean command="/usr/bin/make -f &quot;/home/killan/QtProjects/SEE/build_Linux/libraries/Makefile&quot;  VERBOSE=1 clean" />
         </MakeCommands>
      </Target>
      <Target title="ThreadTest/fast">
         <Option output="/home/killan/QtProjects/SEE/build_Linux/Deploy/ThreadTest" prefix_auto="0" extension_auto="0" />
         <Option working_dir="/home/killan/QtProjects/SEE/build_Linux/Deploy" />
         <Option object_output="./" />
         <Option type="1" />
         <Option compiler="gcc" />
         <Compiler>
            <Add directory="/home/killan/QtProjects/SEE" />
            <Add directory="/home/killan/QtProjects/SEE/libraries/include" />
            <Add directory="/home/killan/QtProjects/SEE/libraries/src" />
            <Add directory="/usr/include" />
            <Add directory="/usr/include/c++/5" />
            <Add directory="/usr/include/c++/5/backward" />
            <Add directory="/usr/include/x86_64-linux-gnu" />
            <Add directory="/usr/include/x86_64-linux-gnu/c++/5" />
            <Add directory="/usr/lib/gcc/x86_64-linux-gnu/5/include" />
            <Add directory="/usr/lib/gcc/x86_64-linux-gnu/5/include-fixed" />
            <Add directory="/usr/local/include" />
         </Compiler>
         <MakeCommands>
            <Build command="/usr/bin/make -f &quot;/home/killan/QtProjects/SEE/build_Linux/libraries/Makefile&quot;  VERBOSE=1 ThreadTest/fast" />
            <CompileFile command="/usr/bin/make -f &quot;/home/killan/QtProjects/SEE/build_Linux/libraries/Makefile&quot;  VERBOSE=1 &quot;$file&quot;" />
            <Clean command="/usr/bin/make -f &quot;/home/killan/QtProjects/SEE/build_Linux/libraries/Makefile&quot;  VERBOSE=1 clean" />
            <DistClean command="/usr/bin/make -f &quot;/home/killan/QtProjects/SEE/build_Linux/libraries/Makefile&quot;  VERBOSE=1 clean" />
         </MakeCommands>
      </Target>
      </Build>
      <Unit filename="/home/killan/QtProjects/SEE/libraries/src/main.cpp">
         <Option target="ThreadTest"/>
      </Unit>
      <Unit filename="/home/killan/QtProjects/SEE/CMakeLists.txt">
          <Option virtualFolder="CMake Files\" />
      </Unit>
      <Unit filename="/home/killan/QtProjects/SEE/libraries/CMakeLists.txt">
          <Option virtualFolder="CMake Files\libraries\" />
      </Unit>
      <Unit filename="/home/killan/QtProjects/SEE/libraries/CMakeLists.txt">
          <Option virtualFolder="CMake Files\libraries\" />
      </Unit>
      <Unit filename="/home/killan/QtProjects/SEE/master/CMakeLists.txt">
          <Option virtualFolder="CMake Files\master\" />
      </Unit>
      <Unit filename="/home/killan/QtProjects/SEE/master/CMakeLists.txt">
          <Option virtualFolder="CMake Files\master\" />
      </Unit>
   </Project>
</CodeBlocks_project_file>
