<?xml version="1.0" encoding="UTF-8" standalone="yes" ?>
<CodeBlocks_project_file>
   <FileVersion major="1" minor="6" />
   <Project>
      <Option title="thread_aux" />
      <Option makefile_is_custom="1" />
      <Option compiler="gcc" />
      <Option virtualFolders="CMake Files\;CMake Files\camControllers\;CMake Files\camControllers\semaphore_aux\;CMake Files\camControllers\thread_aux\;CMake Files\camControllers\socket_aux\;CMake Files\master\;CMake Files\ucSecurity\;" />
      <Build>
      <Target title="all">
         <Option working_dir="/home/killan/QtProjects/SEE/build_Linux/camControllers/thread_aux" />
         <Option type="4" />
         <MakeCommands>
            <Build command="/usr/bin/make -f &quot;/home/killan/QtProjects/SEE/build_Linux/camControllers/thread_aux/Makefile&quot;  VERBOSE=1 all" />
            <CompileFile command="/usr/bin/make -f &quot;/home/killan/QtProjects/SEE/build_Linux/camControllers/thread_aux/Makefile&quot;  VERBOSE=1 &quot;$file&quot;" />
            <Clean command="/usr/bin/make -f &quot;/home/killan/QtProjects/SEE/build_Linux/camControllers/thread_aux/Makefile&quot;  VERBOSE=1 clean" />
            <DistClean command="/usr/bin/make -f &quot;/home/killan/QtProjects/SEE/build_Linux/camControllers/thread_aux/Makefile&quot;  VERBOSE=1 clean" />
         </MakeCommands>
      </Target>
      <Target title="thread_aux">
         <Option output="/home/killan/QtProjects/SEE/build_Linux/libthread_aux.so" prefix_auto="0" extension_auto="0" />
         <Option working_dir="/home/killan/QtProjects/SEE/build_Linux/camControllers/thread_aux" />
         <Option object_output="./" />
         <Option type="3" />
         <Option compiler="gcc" />
         <Compiler>
            <Add directory="/home/killan/QtProjects/SEE" />
            <Add directory="/home/killan/QtProjects/SEE/camControllers/thread_aux/include" />
            <Add directory="/home/killan/QtProjects/SEE/camControllers/thread_aux/src" />
            <Add directory="/usr/include" />
            <Add directory="/usr/include/c++/5" />
            <Add directory="/usr/include/c++/5/backward" />
            <Add directory="/usr/include/x86_64-linux-gnu" />
            <Add directory="/usr/include/x86_64-linux-gnu/c++/5" />
            <Add directory="/usr/lib/gcc/x86_64-linux-gnu/5/include" />
            <Add directory="/usr/lib/gcc/x86_64-linux-gnu/5/include-fixed" />
            <Add directory="/usr/local/include" />
         </Compiler>
         <MakeCommands>
            <Build command="/usr/bin/make -f &quot;/home/killan/QtProjects/SEE/build_Linux/camControllers/thread_aux/Makefile&quot;  VERBOSE=1 thread_aux" />
            <CompileFile command="/usr/bin/make -f &quot;/home/killan/QtProjects/SEE/build_Linux/camControllers/thread_aux/Makefile&quot;  VERBOSE=1 &quot;$file&quot;" />
            <Clean command="/usr/bin/make -f &quot;/home/killan/QtProjects/SEE/build_Linux/camControllers/thread_aux/Makefile&quot;  VERBOSE=1 clean" />
            <DistClean command="/usr/bin/make -f &quot;/home/killan/QtProjects/SEE/build_Linux/camControllers/thread_aux/Makefile&quot;  VERBOSE=1 clean" />
         </MakeCommands>
      </Target>
      <Target title="thread_aux/fast">
         <Option output="/home/killan/QtProjects/SEE/build_Linux/libthread_aux.so" prefix_auto="0" extension_auto="0" />
         <Option working_dir="/home/killan/QtProjects/SEE/build_Linux/camControllers/thread_aux" />
         <Option object_output="./" />
         <Option type="3" />
         <Option compiler="gcc" />
         <Compiler>
            <Add directory="/home/killan/QtProjects/SEE" />
            <Add directory="/home/killan/QtProjects/SEE/camControllers/thread_aux/include" />
            <Add directory="/home/killan/QtProjects/SEE/camControllers/thread_aux/src" />
            <Add directory="/usr/include" />
            <Add directory="/usr/include/c++/5" />
            <Add directory="/usr/include/c++/5/backward" />
            <Add directory="/usr/include/x86_64-linux-gnu" />
            <Add directory="/usr/include/x86_64-linux-gnu/c++/5" />
            <Add directory="/usr/lib/gcc/x86_64-linux-gnu/5/include" />
            <Add directory="/usr/lib/gcc/x86_64-linux-gnu/5/include-fixed" />
            <Add directory="/usr/local/include" />
         </Compiler>
         <MakeCommands>
            <Build command="/usr/bin/make -f &quot;/home/killan/QtProjects/SEE/build_Linux/camControllers/thread_aux/Makefile&quot;  VERBOSE=1 thread_aux/fast" />
            <CompileFile command="/usr/bin/make -f &quot;/home/killan/QtProjects/SEE/build_Linux/camControllers/thread_aux/Makefile&quot;  VERBOSE=1 &quot;$file&quot;" />
            <Clean command="/usr/bin/make -f &quot;/home/killan/QtProjects/SEE/build_Linux/camControllers/thread_aux/Makefile&quot;  VERBOSE=1 clean" />
            <DistClean command="/usr/bin/make -f &quot;/home/killan/QtProjects/SEE/build_Linux/camControllers/thread_aux/Makefile&quot;  VERBOSE=1 clean" />
         </MakeCommands>
      </Target>
      </Build>
      <Unit filename="/home/killan/QtProjects/SEE/camControllers/thread_aux/include/mythread.h">
         <Option target="thread_aux"/>
      </Unit>
      <Unit filename="/home/killan/QtProjects/SEE/camControllers/thread_aux/src/mythread.cpp">
         <Option target="thread_aux"/>
      </Unit>
      <Unit filename="/home/killan/QtProjects/SEE/CMakeLists.txt">
          <Option virtualFolder="CMake Files\" />
      </Unit>
      <Unit filename="/home/killan/QtProjects/SEE/camControllers/CMakeLists.txt">
          <Option virtualFolder="CMake Files\camControllers\" />
      </Unit>
      <Unit filename="/home/killan/QtProjects/SEE/camControllers/CMakeLists.txt">
          <Option virtualFolder="CMake Files\camControllers\" />
      </Unit>
      <Unit filename="/home/killan/QtProjects/SEE/camControllers/semaphore_aux/CMakeLists.txt">
          <Option virtualFolder="CMake Files\camControllers\semaphore_aux\" />
      </Unit>
      <Unit filename="/home/killan/QtProjects/SEE/camControllers/semaphore_aux/CMakeLists.txt">
          <Option virtualFolder="CMake Files\camControllers\semaphore_aux\" />
      </Unit>
      <Unit filename="/home/killan/QtProjects/SEE/camControllers/semaphore_aux/CMakeLists.txt">
          <Option virtualFolder="CMake Files\camControllers\semaphore_aux\" />
      </Unit>
      <Unit filename="/home/killan/QtProjects/SEE/camControllers/thread_aux/CMakeLists.txt">
          <Option virtualFolder="CMake Files\camControllers\thread_aux\" />
      </Unit>
      <Unit filename="/home/killan/QtProjects/SEE/camControllers/thread_aux/CMakeLists.txt">
          <Option virtualFolder="CMake Files\camControllers\thread_aux\" />
      </Unit>
      <Unit filename="/home/killan/QtProjects/SEE/camControllers/thread_aux/CMakeLists.txt">
          <Option virtualFolder="CMake Files\camControllers\thread_aux\" />
      </Unit>
      <Unit filename="/home/killan/QtProjects/SEE/camControllers/socket_aux/CMakeLists.txt">
          <Option virtualFolder="CMake Files\camControllers\socket_aux\" />
      </Unit>
      <Unit filename="/home/killan/QtProjects/SEE/camControllers/socket_aux/CMakeLists.txt">
          <Option virtualFolder="CMake Files\camControllers\socket_aux\" />
      </Unit>
      <Unit filename="/home/killan/QtProjects/SEE/camControllers/socket_aux/CMakeLists.txt">
          <Option virtualFolder="CMake Files\camControllers\socket_aux\" />
      </Unit>
      <Unit filename="/home/killan/QtProjects/SEE/master/CMakeLists.txt">
          <Option virtualFolder="CMake Files\master\" />
      </Unit>
      <Unit filename="/home/killan/QtProjects/SEE/master/CMakeLists.txt">
          <Option virtualFolder="CMake Files\master\" />
      </Unit>
      <Unit filename="/home/killan/QtProjects/SEE/ucSecurity/CMakeLists.txt">
          <Option virtualFolder="CMake Files\ucSecurity\" />
      </Unit>
      <Unit filename="/home/killan/QtProjects/SEE/ucSecurity/CMakeLists.txt">
          <Option virtualFolder="CMake Files\ucSecurity\" />
      </Unit>
   </Project>
</CodeBlocks_project_file>
