<?xml version="1.0" encoding="UTF-8" standalone="yes" ?>
<CodeBlocks_project_file>
   <FileVersion major="1" minor="6" />
   <Project>
      <Option title="see_project" />
      <Option makefile_is_custom="1" />
      <Option compiler="gcc" />
      <Option virtualFolders="CMake Files\;CMake Files\libraries\;CMake Files\libraries\semaphore_aux\;CMake Files\libraries\serial_aux\;CMake Files\libraries\socket_aux\;CMake Files\libraries\thread_aux\;CMake Files\master\;" />
      <Build>
      <Target title="all">
         <Option working_dir="/home/killan/QtProjects/SEE/build_Linux" />
         <Option type="4" />
         <MakeCommands>
            <Build command="/usr/bin/make -f &quot;/home/killan/QtProjects/SEE/build_Linux/Makefile&quot;  VERBOSE=1 all" />
            <CompileFile command="/usr/bin/make -f &quot;/home/killan/QtProjects/SEE/build_Linux/Makefile&quot;  VERBOSE=1 &quot;$file&quot;" />
            <Clean command="/usr/bin/make -f &quot;/home/killan/QtProjects/SEE/build_Linux/Makefile&quot;  VERBOSE=1 clean" />
            <DistClean command="/usr/bin/make -f &quot;/home/killan/QtProjects/SEE/build_Linux/Makefile&quot;  VERBOSE=1 clean" />
         </MakeCommands>
      </Target>
      <Target title="edit_cache">
         <Option working_dir="/home/killan/QtProjects/SEE/build_Linux" />
         <Option type="4" />
         <MakeCommands>
            <Build command="/usr/bin/make -f &quot;/home/killan/QtProjects/SEE/build_Linux/Makefile&quot;  VERBOSE=1 edit_cache" />
            <CompileFile command="/usr/bin/make -f &quot;/home/killan/QtProjects/SEE/build_Linux/Makefile&quot;  VERBOSE=1 &quot;$file&quot;" />
            <Clean command="/usr/bin/make -f &quot;/home/killan/QtProjects/SEE/build_Linux/Makefile&quot;  VERBOSE=1 clean" />
            <DistClean command="/usr/bin/make -f &quot;/home/killan/QtProjects/SEE/build_Linux/Makefile&quot;  VERBOSE=1 clean" />
         </MakeCommands>
      </Target>
      <Target title="rebuild_cache">
         <Option working_dir="/home/killan/QtProjects/SEE/build_Linux" />
         <Option type="4" />
         <MakeCommands>
            <Build command="/usr/bin/make -f &quot;/home/killan/QtProjects/SEE/build_Linux/Makefile&quot;  VERBOSE=1 rebuild_cache" />
            <CompileFile command="/usr/bin/make -f &quot;/home/killan/QtProjects/SEE/build_Linux/Makefile&quot;  VERBOSE=1 &quot;$file&quot;" />
            <Clean command="/usr/bin/make -f &quot;/home/killan/QtProjects/SEE/build_Linux/Makefile&quot;  VERBOSE=1 clean" />
            <DistClean command="/usr/bin/make -f &quot;/home/killan/QtProjects/SEE/build_Linux/Makefile&quot;  VERBOSE=1 clean" />
         </MakeCommands>
      </Target>
      <Target title="master">
         <Option output="/home/killan/QtProjects/SEE/build_Linux/Deploy/master" prefix_auto="0" extension_auto="0" />
         <Option working_dir="/home/killan/QtProjects/SEE/build_Linux/Deploy" />
         <Option object_output="./" />
         <Option type="1" />
         <Option compiler="gcc" />
         <Compiler>
            <Add directory="/home/killan/QtProjects/SEE" />
            <Add directory="/home/killan/QtProjects/SEE/master/include" />
            <Add directory="/home/killan/QtProjects/SEE/master/src" />
            <Add directory="/usr/include" />
            <Add directory="/usr/include/c++/5" />
            <Add directory="/usr/include/c++/5/backward" />
            <Add directory="/usr/include/x86_64-linux-gnu" />
            <Add directory="/usr/include/x86_64-linux-gnu/c++/5" />
            <Add directory="/usr/lib/gcc/x86_64-linux-gnu/5/include" />
            <Add directory="/usr/lib/gcc/x86_64-linux-gnu/5/include-fixed" />
            <Add directory="/usr/local/include" />
         </Compiler>
         <MakeCommands>
            <Build command="/usr/bin/make -f &quot;/home/killan/QtProjects/SEE/build_Linux/master/Makefile&quot;  VERBOSE=1 master" />
            <CompileFile command="/usr/bin/make -f &quot;/home/killan/QtProjects/SEE/build_Linux/master/Makefile&quot;  VERBOSE=1 &quot;$file&quot;" />
            <Clean command="/usr/bin/make -f &quot;/home/killan/QtProjects/SEE/build_Linux/master/Makefile&quot;  VERBOSE=1 clean" />
            <DistClean command="/usr/bin/make -f &quot;/home/killan/QtProjects/SEE/build_Linux/master/Makefile&quot;  VERBOSE=1 clean" />
         </MakeCommands>
      </Target>
      <Target title="master/fast">
         <Option output="/home/killan/QtProjects/SEE/build_Linux/Deploy/master" prefix_auto="0" extension_auto="0" />
         <Option working_dir="/home/killan/QtProjects/SEE/build_Linux/Deploy" />
         <Option object_output="./" />
         <Option type="1" />
         <Option compiler="gcc" />
         <Compiler>
            <Add directory="/home/killan/QtProjects/SEE" />
            <Add directory="/home/killan/QtProjects/SEE/master/include" />
            <Add directory="/home/killan/QtProjects/SEE/master/src" />
            <Add directory="/usr/include" />
            <Add directory="/usr/include/c++/5" />
            <Add directory="/usr/include/c++/5/backward" />
            <Add directory="/usr/include/x86_64-linux-gnu" />
            <Add directory="/usr/include/x86_64-linux-gnu/c++/5" />
            <Add directory="/usr/lib/gcc/x86_64-linux-gnu/5/include" />
            <Add directory="/usr/lib/gcc/x86_64-linux-gnu/5/include-fixed" />
            <Add directory="/usr/local/include" />
         </Compiler>
         <MakeCommands>
            <Build command="/usr/bin/make -f &quot;/home/killan/QtProjects/SEE/build_Linux/master/Makefile&quot;  VERBOSE=1 master/fast" />
            <CompileFile command="/usr/bin/make -f &quot;/home/killan/QtProjects/SEE/build_Linux/master/Makefile&quot;  VERBOSE=1 &quot;$file&quot;" />
            <Clean command="/usr/bin/make -f &quot;/home/killan/QtProjects/SEE/build_Linux/master/Makefile&quot;  VERBOSE=1 clean" />
            <DistClean command="/usr/bin/make -f &quot;/home/killan/QtProjects/SEE/build_Linux/master/Makefile&quot;  VERBOSE=1 clean" />
         </MakeCommands>
      </Target>
      <Target title="semaphore_aux">
         <Option output="/home/killan/QtProjects/SEE/build_Linux/libsemaphore_aux.so" prefix_auto="0" extension_auto="0" />
         <Option working_dir="/home/killan/QtProjects/SEE/build_Linux/libraries/semaphore_aux" />
         <Option object_output="./" />
         <Option type="3" />
         <Option compiler="gcc" />
         <Compiler>
            <Add directory="/home/killan/QtProjects/SEE" />
            <Add directory="/home/killan/QtProjects/SEE/libraries/semaphore_aux/include" />
            <Add directory="/home/killan/QtProjects/SEE/libraries/semaphore_aux/src" />
            <Add directory="/usr/include" />
            <Add directory="/usr/include/c++/5" />
            <Add directory="/usr/include/c++/5/backward" />
            <Add directory="/usr/include/x86_64-linux-gnu" />
            <Add directory="/usr/include/x86_64-linux-gnu/c++/5" />
            <Add directory="/usr/lib/gcc/x86_64-linux-gnu/5/include" />
            <Add directory="/usr/lib/gcc/x86_64-linux-gnu/5/include-fixed" />
            <Add directory="/usr/local/include" />
         </Compiler>
         <MakeCommands>
            <Build command="/usr/bin/make -f &quot;/home/killan/QtProjects/SEE/build_Linux/libraries/semaphore_aux/Makefile&quot;  VERBOSE=1 semaphore_aux" />
            <CompileFile command="/usr/bin/make -f &quot;/home/killan/QtProjects/SEE/build_Linux/libraries/semaphore_aux/Makefile&quot;  VERBOSE=1 &quot;$file&quot;" />
            <Clean command="/usr/bin/make -f &quot;/home/killan/QtProjects/SEE/build_Linux/libraries/semaphore_aux/Makefile&quot;  VERBOSE=1 clean" />
            <DistClean command="/usr/bin/make -f &quot;/home/killan/QtProjects/SEE/build_Linux/libraries/semaphore_aux/Makefile&quot;  VERBOSE=1 clean" />
         </MakeCommands>
      </Target>
      <Target title="semaphore_aux/fast">
         <Option output="/home/killan/QtProjects/SEE/build_Linux/libsemaphore_aux.so" prefix_auto="0" extension_auto="0" />
         <Option working_dir="/home/killan/QtProjects/SEE/build_Linux/libraries/semaphore_aux" />
         <Option object_output="./" />
         <Option type="3" />
         <Option compiler="gcc" />
         <Compiler>
            <Add directory="/home/killan/QtProjects/SEE" />
            <Add directory="/home/killan/QtProjects/SEE/libraries/semaphore_aux/include" />
            <Add directory="/home/killan/QtProjects/SEE/libraries/semaphore_aux/src" />
            <Add directory="/usr/include" />
            <Add directory="/usr/include/c++/5" />
            <Add directory="/usr/include/c++/5/backward" />
            <Add directory="/usr/include/x86_64-linux-gnu" />
            <Add directory="/usr/include/x86_64-linux-gnu/c++/5" />
            <Add directory="/usr/lib/gcc/x86_64-linux-gnu/5/include" />
            <Add directory="/usr/lib/gcc/x86_64-linux-gnu/5/include-fixed" />
            <Add directory="/usr/local/include" />
         </Compiler>
         <MakeCommands>
            <Build command="/usr/bin/make -f &quot;/home/killan/QtProjects/SEE/build_Linux/libraries/semaphore_aux/Makefile&quot;  VERBOSE=1 semaphore_aux/fast" />
            <CompileFile command="/usr/bin/make -f &quot;/home/killan/QtProjects/SEE/build_Linux/libraries/semaphore_aux/Makefile&quot;  VERBOSE=1 &quot;$file&quot;" />
            <Clean command="/usr/bin/make -f &quot;/home/killan/QtProjects/SEE/build_Linux/libraries/semaphore_aux/Makefile&quot;  VERBOSE=1 clean" />
            <DistClean command="/usr/bin/make -f &quot;/home/killan/QtProjects/SEE/build_Linux/libraries/semaphore_aux/Makefile&quot;  VERBOSE=1 clean" />
         </MakeCommands>
      </Target>
      <Target title="serial_aux">
         <Option output="/home/killan/QtProjects/SEE/build_Linux/libserial_aux.so" prefix_auto="0" extension_auto="0" />
         <Option working_dir="/home/killan/QtProjects/SEE/build_Linux/libraries/serial_aux" />
         <Option object_output="./" />
         <Option type="3" />
         <Option compiler="gcc" />
         <Compiler>
            <Add directory="/home/killan/QtProjects/SEE" />
            <Add directory="/home/killan/QtProjects/SEE/libraries/serial_aux/include" />
            <Add directory="/home/killan/QtProjects/SEE/libraries/serial_aux/src" />
            <Add directory="/usr/include" />
            <Add directory="/usr/include/c++/5" />
            <Add directory="/usr/include/c++/5/backward" />
            <Add directory="/usr/include/x86_64-linux-gnu" />
            <Add directory="/usr/include/x86_64-linux-gnu/c++/5" />
            <Add directory="/usr/lib/gcc/x86_64-linux-gnu/5/include" />
            <Add directory="/usr/lib/gcc/x86_64-linux-gnu/5/include-fixed" />
            <Add directory="/usr/local/include" />
         </Compiler>
         <MakeCommands>
            <Build command="/usr/bin/make -f &quot;/home/killan/QtProjects/SEE/build_Linux/libraries/serial_aux/Makefile&quot;  VERBOSE=1 serial_aux" />
            <CompileFile command="/usr/bin/make -f &quot;/home/killan/QtProjects/SEE/build_Linux/libraries/serial_aux/Makefile&quot;  VERBOSE=1 &quot;$file&quot;" />
            <Clean command="/usr/bin/make -f &quot;/home/killan/QtProjects/SEE/build_Linux/libraries/serial_aux/Makefile&quot;  VERBOSE=1 clean" />
            <DistClean command="/usr/bin/make -f &quot;/home/killan/QtProjects/SEE/build_Linux/libraries/serial_aux/Makefile&quot;  VERBOSE=1 clean" />
         </MakeCommands>
      </Target>
      <Target title="serial_aux/fast">
         <Option output="/home/killan/QtProjects/SEE/build_Linux/libserial_aux.so" prefix_auto="0" extension_auto="0" />
         <Option working_dir="/home/killan/QtProjects/SEE/build_Linux/libraries/serial_aux" />
         <Option object_output="./" />
         <Option type="3" />
         <Option compiler="gcc" />
         <Compiler>
            <Add directory="/home/killan/QtProjects/SEE" />
            <Add directory="/home/killan/QtProjects/SEE/libraries/serial_aux/include" />
            <Add directory="/home/killan/QtProjects/SEE/libraries/serial_aux/src" />
            <Add directory="/usr/include" />
            <Add directory="/usr/include/c++/5" />
            <Add directory="/usr/include/c++/5/backward" />
            <Add directory="/usr/include/x86_64-linux-gnu" />
            <Add directory="/usr/include/x86_64-linux-gnu/c++/5" />
            <Add directory="/usr/lib/gcc/x86_64-linux-gnu/5/include" />
            <Add directory="/usr/lib/gcc/x86_64-linux-gnu/5/include-fixed" />
            <Add directory="/usr/local/include" />
         </Compiler>
         <MakeCommands>
            <Build command="/usr/bin/make -f &quot;/home/killan/QtProjects/SEE/build_Linux/libraries/serial_aux/Makefile&quot;  VERBOSE=1 serial_aux/fast" />
            <CompileFile command="/usr/bin/make -f &quot;/home/killan/QtProjects/SEE/build_Linux/libraries/serial_aux/Makefile&quot;  VERBOSE=1 &quot;$file&quot;" />
            <Clean command="/usr/bin/make -f &quot;/home/killan/QtProjects/SEE/build_Linux/libraries/serial_aux/Makefile&quot;  VERBOSE=1 clean" />
            <DistClean command="/usr/bin/make -f &quot;/home/killan/QtProjects/SEE/build_Linux/libraries/serial_aux/Makefile&quot;  VERBOSE=1 clean" />
         </MakeCommands>
      </Target>
      <Target title="socket_aux">
         <Option output="/home/killan/QtProjects/SEE/build_Linux/libsocket_aux.so" prefix_auto="0" extension_auto="0" />
         <Option working_dir="/home/killan/QtProjects/SEE/build_Linux/libraries/socket_aux" />
         <Option object_output="./" />
         <Option type="3" />
         <Option compiler="gcc" />
         <Compiler>
            <Add directory="/home/killan/QtProjects/SEE" />
            <Add directory="/home/killan/QtProjects/SEE/libraries" />
            <Add directory="/home/killan/QtProjects/SEE/libraries/socket_aux/include" />
            <Add directory="/home/killan/QtProjects/SEE/libraries/socket_aux/src" />
            <Add directory="/usr/include" />
            <Add directory="/usr/include/c++/5" />
            <Add directory="/usr/include/c++/5/backward" />
            <Add directory="/usr/include/x86_64-linux-gnu" />
            <Add directory="/usr/include/x86_64-linux-gnu/c++/5" />
            <Add directory="/usr/lib/gcc/x86_64-linux-gnu/5/include" />
            <Add directory="/usr/lib/gcc/x86_64-linux-gnu/5/include-fixed" />
            <Add directory="/usr/local/include" />
         </Compiler>
         <MakeCommands>
            <Build command="/usr/bin/make -f &quot;/home/killan/QtProjects/SEE/build_Linux/libraries/socket_aux/Makefile&quot;  VERBOSE=1 socket_aux" />
            <CompileFile command="/usr/bin/make -f &quot;/home/killan/QtProjects/SEE/build_Linux/libraries/socket_aux/Makefile&quot;  VERBOSE=1 &quot;$file&quot;" />
            <Clean command="/usr/bin/make -f &quot;/home/killan/QtProjects/SEE/build_Linux/libraries/socket_aux/Makefile&quot;  VERBOSE=1 clean" />
            <DistClean command="/usr/bin/make -f &quot;/home/killan/QtProjects/SEE/build_Linux/libraries/socket_aux/Makefile&quot;  VERBOSE=1 clean" />
         </MakeCommands>
      </Target>
      <Target title="socket_aux/fast">
         <Option output="/home/killan/QtProjects/SEE/build_Linux/libsocket_aux.so" prefix_auto="0" extension_auto="0" />
         <Option working_dir="/home/killan/QtProjects/SEE/build_Linux/libraries/socket_aux" />
         <Option object_output="./" />
         <Option type="3" />
         <Option compiler="gcc" />
         <Compiler>
            <Add directory="/home/killan/QtProjects/SEE" />
            <Add directory="/home/killan/QtProjects/SEE/libraries" />
            <Add directory="/home/killan/QtProjects/SEE/libraries/socket_aux/include" />
            <Add directory="/home/killan/QtProjects/SEE/libraries/socket_aux/src" />
            <Add directory="/usr/include" />
            <Add directory="/usr/include/c++/5" />
            <Add directory="/usr/include/c++/5/backward" />
            <Add directory="/usr/include/x86_64-linux-gnu" />
            <Add directory="/usr/include/x86_64-linux-gnu/c++/5" />
            <Add directory="/usr/lib/gcc/x86_64-linux-gnu/5/include" />
            <Add directory="/usr/lib/gcc/x86_64-linux-gnu/5/include-fixed" />
            <Add directory="/usr/local/include" />
         </Compiler>
         <MakeCommands>
            <Build command="/usr/bin/make -f &quot;/home/killan/QtProjects/SEE/build_Linux/libraries/socket_aux/Makefile&quot;  VERBOSE=1 socket_aux/fast" />
            <CompileFile command="/usr/bin/make -f &quot;/home/killan/QtProjects/SEE/build_Linux/libraries/socket_aux/Makefile&quot;  VERBOSE=1 &quot;$file&quot;" />
            <Clean command="/usr/bin/make -f &quot;/home/killan/QtProjects/SEE/build_Linux/libraries/socket_aux/Makefile&quot;  VERBOSE=1 clean" />
            <DistClean command="/usr/bin/make -f &quot;/home/killan/QtProjects/SEE/build_Linux/libraries/socket_aux/Makefile&quot;  VERBOSE=1 clean" />
         </MakeCommands>
      </Target>
      <Target title="thread_aux">
         <Option output="/home/killan/QtProjects/SEE/build_Linux/libthread_aux.so" prefix_auto="0" extension_auto="0" />
         <Option working_dir="/home/killan/QtProjects/SEE/build_Linux/libraries/thread_aux" />
         <Option object_output="./" />
         <Option type="3" />
         <Option compiler="gcc" />
         <Compiler>
            <Add directory="/home/killan/QtProjects/SEE" />
            <Add directory="/home/killan/QtProjects/SEE/libraries/thread_aux/include" />
            <Add directory="/home/killan/QtProjects/SEE/libraries/thread_aux/src" />
            <Add directory="/usr/include" />
            <Add directory="/usr/include/c++/5" />
            <Add directory="/usr/include/c++/5/backward" />
            <Add directory="/usr/include/x86_64-linux-gnu" />
            <Add directory="/usr/include/x86_64-linux-gnu/c++/5" />
            <Add directory="/usr/lib/gcc/x86_64-linux-gnu/5/include" />
            <Add directory="/usr/lib/gcc/x86_64-linux-gnu/5/include-fixed" />
            <Add directory="/usr/local/include" />
         </Compiler>
         <MakeCommands>
            <Build command="/usr/bin/make -f &quot;/home/killan/QtProjects/SEE/build_Linux/libraries/thread_aux/Makefile&quot;  VERBOSE=1 thread_aux" />
            <CompileFile command="/usr/bin/make -f &quot;/home/killan/QtProjects/SEE/build_Linux/libraries/thread_aux/Makefile&quot;  VERBOSE=1 &quot;$file&quot;" />
            <Clean command="/usr/bin/make -f &quot;/home/killan/QtProjects/SEE/build_Linux/libraries/thread_aux/Makefile&quot;  VERBOSE=1 clean" />
            <DistClean command="/usr/bin/make -f &quot;/home/killan/QtProjects/SEE/build_Linux/libraries/thread_aux/Makefile&quot;  VERBOSE=1 clean" />
         </MakeCommands>
      </Target>
      <Target title="thread_aux/fast">
         <Option output="/home/killan/QtProjects/SEE/build_Linux/libthread_aux.so" prefix_auto="0" extension_auto="0" />
         <Option working_dir="/home/killan/QtProjects/SEE/build_Linux/libraries/thread_aux" />
         <Option object_output="./" />
         <Option type="3" />
         <Option compiler="gcc" />
         <Compiler>
            <Add directory="/home/killan/QtProjects/SEE" />
            <Add directory="/home/killan/QtProjects/SEE/libraries/thread_aux/include" />
            <Add directory="/home/killan/QtProjects/SEE/libraries/thread_aux/src" />
            <Add directory="/usr/include" />
            <Add directory="/usr/include/c++/5" />
            <Add directory="/usr/include/c++/5/backward" />
            <Add directory="/usr/include/x86_64-linux-gnu" />
            <Add directory="/usr/include/x86_64-linux-gnu/c++/5" />
            <Add directory="/usr/lib/gcc/x86_64-linux-gnu/5/include" />
            <Add directory="/usr/lib/gcc/x86_64-linux-gnu/5/include-fixed" />
            <Add directory="/usr/local/include" />
         </Compiler>
         <MakeCommands>
            <Build command="/usr/bin/make -f &quot;/home/killan/QtProjects/SEE/build_Linux/libraries/thread_aux/Makefile&quot;  VERBOSE=1 thread_aux/fast" />
            <CompileFile command="/usr/bin/make -f &quot;/home/killan/QtProjects/SEE/build_Linux/libraries/thread_aux/Makefile&quot;  VERBOSE=1 &quot;$file&quot;" />
            <Clean command="/usr/bin/make -f &quot;/home/killan/QtProjects/SEE/build_Linux/libraries/thread_aux/Makefile&quot;  VERBOSE=1 clean" />
            <DistClean command="/usr/bin/make -f &quot;/home/killan/QtProjects/SEE/build_Linux/libraries/thread_aux/Makefile&quot;  VERBOSE=1 clean" />
         </MakeCommands>
      </Target>
      </Build>
      <Unit filename="/home/killan/QtProjects/SEE/libraries/semaphore_aux/include/mysemaphore.h">
         <Option target="semaphore_aux"/>
      </Unit>
      <Unit filename="/home/killan/QtProjects/SEE/libraries/semaphore_aux/src/mysemaphore.cpp">
         <Option target="semaphore_aux"/>
      </Unit>
      <Unit filename="/home/killan/QtProjects/SEE/libraries/serial_aux/include/mysemaphore.h">
         <Option target="serial_aux"/>
      </Unit>
      <Unit filename="/home/killan/QtProjects/SEE/libraries/serial_aux/src/mysemaphore.cpp">
         <Option target="serial_aux"/>
      </Unit>
      <Unit filename="/home/killan/QtProjects/SEE/libraries/socket_aux/include/mysocket.h">
         <Option target="socket_aux"/>
      </Unit>
      <Unit filename="/home/killan/QtProjects/SEE/libraries/socket_aux/src/mysocket.cpp">
         <Option target="socket_aux"/>
      </Unit>
      <Unit filename="/home/killan/QtProjects/SEE/libraries/thread_aux/include/mythread.h">
         <Option target="thread_aux"/>
      </Unit>
      <Unit filename="/home/killan/QtProjects/SEE/libraries/thread_aux/src/main.cpp">
         <Option target="thread_aux"/>
      </Unit>
      <Unit filename="/home/killan/QtProjects/SEE/libraries/thread_aux/src/mythread.cpp">
         <Option target="thread_aux"/>
      </Unit>
      <Unit filename="/home/killan/QtProjects/SEE/master/src/main.cpp">
         <Option target="master"/>
      </Unit>
      <Unit filename="/home/killan/QtProjects/SEE/CMakeLists.txt">
          <Option virtualFolder="CMake Files\" />
      </Unit>
      <Unit filename="/home/killan/QtProjects/SEE/libraries/CMakeLists.txt">
          <Option virtualFolder="CMake Files\libraries\" />
      </Unit>
      <Unit filename="/home/killan/QtProjects/SEE/libraries/CMakeLists.txt">
          <Option virtualFolder="CMake Files\libraries\" />
      </Unit>
      <Unit filename="/home/killan/QtProjects/SEE/libraries/semaphore_aux/CMakeLists.txt">
          <Option virtualFolder="CMake Files\libraries\semaphore_aux\" />
      </Unit>
      <Unit filename="/home/killan/QtProjects/SEE/libraries/semaphore_aux/CMakeLists.txt">
          <Option virtualFolder="CMake Files\libraries\semaphore_aux\" />
      </Unit>
      <Unit filename="/home/killan/QtProjects/SEE/libraries/semaphore_aux/CMakeLists.txt">
          <Option virtualFolder="CMake Files\libraries\semaphore_aux\" />
      </Unit>
      <Unit filename="/home/killan/QtProjects/SEE/libraries/serial_aux/CMakeLists.txt">
          <Option virtualFolder="CMake Files\libraries\serial_aux\" />
      </Unit>
      <Unit filename="/home/killan/QtProjects/SEE/libraries/serial_aux/CMakeLists.txt">
          <Option virtualFolder="CMake Files\libraries\serial_aux\" />
      </Unit>
      <Unit filename="/home/killan/QtProjects/SEE/libraries/serial_aux/CMakeLists.txt">
          <Option virtualFolder="CMake Files\libraries\serial_aux\" />
      </Unit>
      <Unit filename="/home/killan/QtProjects/SEE/libraries/socket_aux/CMakeLists.txt">
          <Option virtualFolder="CMake Files\libraries\socket_aux\" />
      </Unit>
      <Unit filename="/home/killan/QtProjects/SEE/libraries/socket_aux/CMakeLists.txt">
          <Option virtualFolder="CMake Files\libraries\socket_aux\" />
      </Unit>
      <Unit filename="/home/killan/QtProjects/SEE/libraries/socket_aux/CMakeLists.txt">
          <Option virtualFolder="CMake Files\libraries\socket_aux\" />
      </Unit>
      <Unit filename="/home/killan/QtProjects/SEE/libraries/thread_aux/CMakeLists.txt">
          <Option virtualFolder="CMake Files\libraries\thread_aux\" />
      </Unit>
      <Unit filename="/home/killan/QtProjects/SEE/libraries/thread_aux/CMakeLists.txt">
          <Option virtualFolder="CMake Files\libraries\thread_aux\" />
      </Unit>
      <Unit filename="/home/killan/QtProjects/SEE/libraries/thread_aux/CMakeLists.txt">
          <Option virtualFolder="CMake Files\libraries\thread_aux\" />
      </Unit>
      <Unit filename="/home/killan/QtProjects/SEE/master/CMakeLists.txt">
          <Option virtualFolder="CMake Files\master\" />
      </Unit>
      <Unit filename="/home/killan/QtProjects/SEE/master/CMakeLists.txt">
          <Option virtualFolder="CMake Files\master\" />
      </Unit>
   </Project>
</CodeBlocks_project_file>
